# This file is autogenerated, do not edit; changes may be undone by the next 'dep ensure'.


[[projects]]
  branch = "master"
  name = "bitbucket.org/RocksauceStudios/standup-parser"
  packages = ["."]
  revision = "33666516d2b1503ec6ec8d866548456ad4bcc4a4"

[[projects]]
  branch = "master"
  name = "github.com/altairsix/eventsource"
  packages = [".","dynamodbstore"]
  revision = "9a953ef7d41b0d9dc1a355eee44aa68e333e09f9"

[[projects]]
  branch = "master"
  name = "github.com/apex/go-apex"
  packages = [".","dynamo"]
  revision = "2273a39e2ad2111fe0f7d9873fdc3d98d781e1c0"

[[projects]]
  branch = "master"
  name = "github.com/apex/log"
  packages = [".","handlers/json"]
  revision = "8f3a15d95392c8fc202d1e1059f46df21dff2992"

[[projects]]
  name = "github.com/aws/aws-sdk-go"
  packages = ["aws","aws/awserr","aws/awsutil","aws/client","aws/client/metadata","aws/corehandlers","aws/credentials","aws/credentials/ec2rolecreds","aws/credentials/endpointcreds","aws/credentials/stscreds","aws/defaults","aws/ec2metadata","aws/endpoints","aws/request","aws/session","aws/signer/v4","internal/shareddefaults","private/protocol","private/protocol/json/jsonutil","private/protocol/jsonrpc","private/protocol/query","private/protocol/query/queryutil","private/protocol/rest","private/protocol/xml/xmlutil","service/dynamodb","service/sts"]
  revision = "72e42b13da62269f68308fb6068b7ea691a416a4"
  version = "v1.10.3"

[[projects]]
  name = "github.com/go-ini/ini"
  packages = ["."]
  revision = "d3de07a94d22b4a0972deb4b96d790c2c0ce8333"
  version = "v1.28.0"

[[projects]]
  branch = "master"
  name = "github.com/gorilla/schema"
  packages = ["."]
  revision = "8b1100835db5bbdae88541510f70d114b91a7e4d"

[[projects]]
  name = "github.com/jmespath/go-jmespath"
  packages = ["."]
  revision = "3433f3ea46d9f8019119e7dd41274e112a2359a9"
  version = "0.2.2"

[[projects]]
  name = "github.com/nlopes/slack"
  packages = ["."]
  revision = "c86337c0ef2486a15edd804355d9c73d2f2caed1"
  version = "v0.1.0"

[[projects]]
  name = "github.com/pkg/errors"
  packages = ["."]
  revision = "645ef00459ed84a119197bfb8d8205042c6df63d"
  version = "v0.8.0"

[[projects]]
  branch = "master"
  name = "github.com/segmentio/ksuid"
  packages = ["."]
  revision = "2a5ff14b083336e28641d86008fee84ae598de60"

[[projects]]
  branch = "master"
  name = "golang.org/x/net"
  packages = ["websocket"]
  revision = "5f8847ae0d0e90b6a9dc8148e7ad616874625171"

[solve-meta]
  analyzer-name = "dep"
  analyzer-version = 1
  inputs-digest = "5dc3121064e5132b1d722ea5ed83d25fa06b41f9ad39665eb1cbfb574bfe3ad7"
  solver-name = "gps-cdcl"
  solver-version = 1
