{
    "version": 3,
    "terraform_version": "0.9.8",
    "serial": 0,
    "lineage": "5f55b4f8-ab62-414e-a6d3-6d49486b2fe4",
    "modules": [
        {
            "path": [
                "root"
            ],
            "outputs": {
                "api_gateway_role_id": {
                    "sensitive": false,
                    "type": "string",
                    "value": "arn:aws:iam::065895952035:role/standup-dev-gateway-invocation-role"
                },
                "lambda_function_role_id": {
                    "sensitive": false,
                    "type": "string",
                    "value": "arn:aws:iam::065895952035:role/standup-dev-lambda-function"
                },
                "lambda_security_group_id": {
                    "sensitive": false,
                    "type": "string",
                    "value": "sg-6f16b41e"
                },
                "private_subnets": {
                    "sensitive": false,
                    "type": "list",
                    "value": [
                        "subnet-f59a8f90",
                        "subnet-a5902f89",
                        "subnet-50473318"
                    ]
                },
                "public_subnets": {
                    "sensitive": false,
                    "type": "list",
                    "value": [
                        "subnet-d39e8bb6",
                        "subnet-8c8d32a0",
                        "subnet-ba4d39f2"
                    ]
                },
                "vpc_id": {
                    "sensitive": false,
                    "type": "string",
                    "value": "vpc-64b7081d"
                }
            },
            "resources": {
                "aws_api_gateway_deployment.dev": {
                    "type": "aws_api_gateway_deployment",
                    "depends_on": [
                        "aws_api_gateway_integration.PostSlackStandupToLambda",
                        "aws_api_gateway_rest_api.api"
                    ],
                    "primary": {
                        "id": "jaux3t",
                        "attributes": {
                            "created_date": "2017-06-26T00:02:32Z",
                            "description": "dev deployment",
                            "execution_arn": "arn:aws:execute-api:us-east-1:065895952035:okv7bluym5/dev",
                            "id": "jaux3t",
                            "invoke_url": "https://okv7bluym5.execute-api.us-east-1.amazonaws.com/dev",
                            "rest_api_id": "okv7bluym5",
                            "stage_name": "dev"
                        },
                        "meta": {},
                        "tainted": false
                    },
                    "deposed": [],
                    "provider": ""
                },
                "aws_api_gateway_integration.PostSlackStandupToLambda": {
                    "type": "aws_api_gateway_integration",
                    "depends_on": [
                        "aws_api_gateway_method.PostSlackStandup",
                        "aws_api_gateway_resource.SlackStandup",
                        "aws_api_gateway_rest_api.api",
                        "module.iam"
                    ],
                    "primary": {
                        "id": "agi-okv7bluym5-imwgpy-POST",
                        "attributes": {
                            "credentials": "arn:aws:iam::065895952035:role/standup-dev-gateway-invocation-role",
                            "http_method": "POST",
                            "id": "agi-okv7bluym5-imwgpy-POST",
                            "integration_http_method": "POST",
                            "passthrough_behavior": "WHEN_NO_MATCH",
                            "request_parameters.%": "0",
                            "request_templates.%": "0",
                            "resource_id": "imwgpy",
                            "rest_api_id": "okv7bluym5",
                            "type": "AWS_PROXY",
                            "uri": "arn:aws:apigateway:us-east-1:lambda:path/2015-03-31/functions/arn:aws:lambda:us-east-1:065895952035:function:standup_slack_standup/invocations"
                        },
                        "meta": {},
                        "tainted": false
                    },
                    "deposed": [],
                    "provider": ""
                },
                "aws_api_gateway_method.PostSlackStandup": {
                    "type": "aws_api_gateway_method",
                    "depends_on": [
                        "aws_api_gateway_resource.SlackStandup",
                        "aws_api_gateway_rest_api.api"
                    ],
                    "primary": {
                        "id": "agm-okv7bluym5-imwgpy-POST",
                        "attributes": {
                            "api_key_required": "false",
                            "authorization": "NONE",
                            "http_method": "POST",
                            "id": "agm-okv7bluym5-imwgpy-POST",
                            "resource_id": "imwgpy",
                            "rest_api_id": "okv7bluym5"
                        },
                        "meta": {},
                        "tainted": false
                    },
                    "deposed": [],
                    "provider": ""
                },
                "aws_api_gateway_resource.Slack": {
                    "type": "aws_api_gateway_resource",
                    "depends_on": [
                        "aws_api_gateway_resource.v1",
                        "aws_api_gateway_rest_api.api"
                    ],
                    "primary": {
                        "id": "tlqvz5",
                        "attributes": {
                            "id": "tlqvz5",
                            "parent_id": "jpz191",
                            "path": "/v1/slack",
                            "path_part": "slack",
                            "rest_api_id": "okv7bluym5"
                        },
                        "meta": {},
                        "tainted": false
                    },
                    "deposed": [],
                    "provider": ""
                },
                "aws_api_gateway_resource.SlackStandup": {
                    "type": "aws_api_gateway_resource",
                    "depends_on": [
                        "aws_api_gateway_resource.Slack",
                        "aws_api_gateway_rest_api.api"
                    ],
                    "primary": {
                        "id": "imwgpy",
                        "attributes": {
                            "id": "imwgpy",
                            "parent_id": "tlqvz5",
                            "path": "/v1/slack/standup",
                            "path_part": "standup",
                            "rest_api_id": "okv7bluym5"
                        },
                        "meta": {},
                        "tainted": false
                    },
                    "deposed": [],
                    "provider": ""
                },
                "aws_api_gateway_resource.v1": {
                    "type": "aws_api_gateway_resource",
                    "depends_on": [
                        "aws_api_gateway_rest_api.api"
                    ],
                    "primary": {
                        "id": "jpz191",
                        "attributes": {
                            "id": "jpz191",
                            "parent_id": "klq4tfjmba",
                            "path": "/v1",
                            "path_part": "v1",
                            "rest_api_id": "okv7bluym5"
                        },
                        "meta": {},
                        "tainted": false
                    },
                    "deposed": [],
                    "provider": ""
                },
                "aws_api_gateway_rest_api.api": {
                    "type": "aws_api_gateway_rest_api",
                    "depends_on": [],
                    "primary": {
                        "id": "okv7bluym5",
                        "attributes": {
                            "binary_media_types.#": "0",
                            "created_date": "2017-06-26T00:02:28Z",
                            "description": "dev serverless API for standup",
                            "id": "okv7bluym5",
                            "name": "standup-dev-api",
                            "root_resource_id": "klq4tfjmba"
                        },
                        "meta": {},
                        "tainted": false
                    },
                    "deposed": [],
                    "provider": ""
                },
                "aws_security_group.lambda_security_group": {
                    "type": "aws_security_group",
                    "depends_on": [
                        "module.vpc"
                    ],
                    "primary": {
                        "id": "sg-6f16b41e",
                        "attributes": {
                            "description": "Security Group for lambda functions",
                            "egress.#": "1",
                            "egress.482069346.cidr_blocks.#": "1",
                            "egress.482069346.cidr_blocks.0": "0.0.0.0/0",
                            "egress.482069346.from_port": "0",
                            "egress.482069346.ipv6_cidr_blocks.#": "0",
                            "egress.482069346.prefix_list_ids.#": "0",
                            "egress.482069346.protocol": "-1",
                            "egress.482069346.security_groups.#": "0",
                            "egress.482069346.self": "false",
                            "egress.482069346.to_port": "0",
                            "id": "sg-6f16b41e",
                            "ingress.#": "2",
                            "ingress.3472572478.cidr_blocks.#": "0",
                            "ingress.3472572478.from_port": "0",
                            "ingress.3472572478.ipv6_cidr_blocks.#": "0",
                            "ingress.3472572478.protocol": "udp",
                            "ingress.3472572478.security_groups.#": "0",
                            "ingress.3472572478.self": "true",
                            "ingress.3472572478.to_port": "65535",
                            "ingress.3544538468.cidr_blocks.#": "0",
                            "ingress.3544538468.from_port": "0",
                            "ingress.3544538468.ipv6_cidr_blocks.#": "0",
                            "ingress.3544538468.protocol": "tcp",
                            "ingress.3544538468.security_groups.#": "0",
                            "ingress.3544538468.self": "true",
                            "ingress.3544538468.to_port": "65535",
                            "name": "standup-dev-lambda-security-group",
                            "owner_id": "065895952035",
                            "tags.%": "0",
                            "vpc_id": "vpc-64b7081d"
                        },
                        "meta": {},
                        "tainted": false
                    },
                    "deposed": [],
                    "provider": ""
                }
            },
            "depends_on": []
        },
        {
            "path": [
                "root",
                "iam"
            ],
            "outputs": {
                "api_gateway_role_id": {
                    "sensitive": false,
                    "type": "string",
                    "value": "arn:aws:iam::065895952035:role/standup-dev-gateway-invocation-role"
                },
                "lambda_function_role_id": {
                    "sensitive": false,
                    "type": "string",
                    "value": "arn:aws:iam::065895952035:role/standup-dev-lambda-function"
                }
            },
            "resources": {
                "aws_iam_role.gateway_invocation_role": {
                    "type": "aws_iam_role",
                    "depends_on": [],
                    "primary": {
                        "id": "standup-dev-gateway-invocation-role",
                        "attributes": {
                            "arn": "arn:aws:iam::065895952035:role/standup-dev-gateway-invocation-role",
                            "assume_role_policy": "{\"Version\":\"2012-10-17\",\"Statement\":[{\"Sid\":\"\",\"Effect\":\"Allow\",\"Principal\":{\"Service\":\"apigateway.amazonaws.com\"},\"Action\":\"sts:AssumeRole\"}]}",
                            "create_date": "2017-06-26T00:02:29Z",
                            "id": "standup-dev-gateway-invocation-role",
                            "name": "standup-dev-gateway-invocation-role",
                            "path": "/",
                            "unique_id": "AROAIJACMT7T5OX3LPUSK"
                        },
                        "meta": {},
                        "tainted": false
                    },
                    "deposed": [],
                    "provider": ""
                },
                "aws_iam_role.lambda_function": {
                    "type": "aws_iam_role",
                    "depends_on": [],
                    "primary": {
                        "id": "standup-dev-lambda-function",
                        "attributes": {
                            "arn": "arn:aws:iam::065895952035:role/standup-dev-lambda-function",
                            "assume_role_policy": "{\"Version\":\"2012-10-17\",\"Statement\":[{\"Effect\":\"Allow\",\"Principal\":{\"Service\":\"lambda.amazonaws.com\"},\"Action\":\"sts:AssumeRole\"}]}",
                            "create_date": "2017-06-26T00:02:29Z",
                            "id": "standup-dev-lambda-function",
                            "name": "standup-dev-lambda-function",
                            "path": "/",
                            "unique_id": "AROAJPPZEXLTNRQ3AOX6A"
                        },
                        "meta": {},
                        "tainted": false
                    },
                    "deposed": [],
                    "provider": ""
                },
                "aws_iam_role_policy.cloudwatchlogs_full_access": {
                    "type": "aws_iam_role_policy",
                    "depends_on": [
                        "aws_iam_role.lambda_function"
                    ],
                    "primary": {
                        "id": "standup-dev-lambda-function:standup-dev-cloudwatchlogs-full-access",
                        "attributes": {
                            "id": "standup-dev-lambda-function:standup-dev-cloudwatchlogs-full-access",
                            "name": "standup-dev-cloudwatchlogs-full-access",
                            "policy": "{\n  \"Version\": \"2012-10-17\",\n  \"Statement\": [\n    {\n      \"Action\": [\n        \"logs:*\"\n      ],\n      \"Effect\": \"Allow\",\n      \"Resource\": \"*\"\n    }\n  ]\n}\n",
                            "role": "standup-dev-lambda-function"
                        },
                        "meta": {},
                        "tainted": false
                    },
                    "deposed": [],
                    "provider": ""
                },
                "aws_iam_role_policy.dynamodb_full_access": {
                    "type": "aws_iam_role_policy",
                    "depends_on": [
                        "aws_iam_role.lambda_function"
                    ],
                    "primary": {
                        "id": "standup-dev-lambda-function:standup-dev-dynamodb-full-access",
                        "attributes": {
                            "id": "standup-dev-lambda-function:standup-dev-dynamodb-full-access",
                            "name": "standup-dev-dynamodb-full-access",
                            "policy": "{\n  \"Version\": \"2012-10-17\",\n  \"Statement\": [\n    {\n      \"Action\": [\n        \"dynamodb:*\"\n      ],\n      \"Effect\": \"Allow\",\n      \"Resource\": \"*\"\n    }\n  ]\n}\n",
                            "role": "standup-dev-lambda-function"
                        },
                        "meta": {},
                        "tainted": false
                    },
                    "deposed": [],
                    "provider": ""
                },
                "aws_iam_role_policy.gateway_invocation_policy": {
                    "type": "aws_iam_role_policy",
                    "depends_on": [
                        "aws_iam_role.gateway_invocation_role"
                    ],
                    "primary": {
                        "id": "standup-dev-gateway-invocation-role:standup-dev-gateway-invocation-policy",
                        "attributes": {
                            "id": "standup-dev-gateway-invocation-role:standup-dev-gateway-invocation-policy",
                            "name": "standup-dev-gateway-invocation-policy",
                            "policy": "{\n  \"Version\": \"2012-10-17\",\n  \"Statement\": [\n    {\n      \"Effect\": \"Allow\",\n      \"Resource\": [\n        \"*\"\n      ],\n      \"Action\": [\n        \"lambda:InvokeFunction\"\n      ]\n    }\n  ]\n}\n",
                            "role": "standup-dev-gateway-invocation-role"
                        },
                        "meta": {},
                        "tainted": false
                    },
                    "deposed": [],
                    "provider": ""
                },
                "aws_iam_role_policy_attachment.eni": {
                    "type": "aws_iam_role_policy_attachment",
                    "depends_on": [
                        "aws_iam_role.lambda_function"
                    ],
                    "primary": {
                        "id": "standup-dev-lambda-function-00b9fa3ba66bf156c060493d9c",
                        "attributes": {
                            "id": "standup-dev-lambda-function-00b9fa3ba66bf156c060493d9c",
                            "policy_arn": "arn:aws:iam::aws:policy/service-role/AWSLambdaVPCAccessExecutionRole",
                            "role": "standup-dev-lambda-function"
                        },
                        "meta": {},
                        "tainted": false
                    },
                    "deposed": [],
                    "provider": ""
                }
            },
            "depends_on": []
        },
        {
            "path": [
                "root",
                "standup_cors"
            ],
            "outputs": {},
            "resources": {
                "aws_api_gateway_integration.ResourceOptionsIntegration": {
                    "type": "aws_api_gateway_integration",
                    "depends_on": [
                        "aws_api_gateway_method.ResourceOptions"
                    ],
                    "primary": {
                        "id": "agi-okv7bluym5-imwgpy-OPTIONS",
                        "attributes": {
                            "http_method": "OPTIONS",
                            "id": "agi-okv7bluym5-imwgpy-OPTIONS",
                            "passthrough_behavior": "WHEN_NO_MATCH",
                            "request_parameters.%": "0",
                            "request_templates.%": "1",
                            "request_templates.application/json": "{statusCode:200}\n",
                            "resource_id": "imwgpy",
                            "rest_api_id": "okv7bluym5",
                            "type": "MOCK"
                        },
                        "meta": {},
                        "tainted": false
                    },
                    "deposed": [],
                    "provider": ""
                },
                "aws_api_gateway_method.ResourceOptions": {
                    "type": "aws_api_gateway_method",
                    "depends_on": [],
                    "primary": {
                        "id": "agm-okv7bluym5-imwgpy-OPTIONS",
                        "attributes": {
                            "api_key_required": "false",
                            "authorization": "NONE",
                            "http_method": "OPTIONS",
                            "id": "agm-okv7bluym5-imwgpy-OPTIONS",
                            "resource_id": "imwgpy",
                            "rest_api_id": "okv7bluym5"
                        },
                        "meta": {},
                        "tainted": false
                    },
                    "deposed": [],
                    "provider": ""
                },
                "aws_api_gateway_method_response.ResourceOptions200": {
                    "type": "aws_api_gateway_method_response",
                    "depends_on": [
                        "aws_api_gateway_integration.ResourceOptionsIntegration",
                        "aws_api_gateway_method.ResourceOptions"
                    ],
                    "primary": {
                        "id": "agmr-okv7bluym5-imwgpy-OPTIONS-200",
                        "attributes": {
                            "http_method": "OPTIONS",
                            "id": "agmr-okv7bluym5-imwgpy-OPTIONS-200",
                            "resource_id": "imwgpy",
                            "response_models.%": "1",
                            "response_models.application/json": "Empty",
                            "response_parameters.%": "4",
                            "response_parameters.method.response.header.Access-Control-Allow-Credentials": "true",
                            "response_parameters.method.response.header.Access-Control-Allow-Headers": "true",
                            "response_parameters.method.response.header.Access-Control-Allow-Methods": "true",
                            "response_parameters.method.response.header.Access-Control-Allow-Origin": "true",
                            "rest_api_id": "okv7bluym5",
                            "status_code": "200"
                        },
                        "meta": {},
                        "tainted": false
                    },
                    "deposed": [],
                    "provider": ""
                }
            },
            "depends_on": []
        },
        {
            "path": [
                "root",
                "vpc"
            ],
            "outputs": {
                "database_subnets": {
                    "sensitive": false,
                    "type": "list",
                    "value": []
                },
                "default_security_group_id": {
                    "sensitive": false,
                    "type": "string",
                    "value": "sg-d015b7a1"
                },
                "elasticache_subnets": {
                    "sensitive": false,
                    "type": "list",
                    "value": []
                },
                "igw_id": {
                    "sensitive": false,
                    "type": "string",
                    "value": "igw-df721cb9"
                },
                "nat_eips": {
                    "sensitive": false,
                    "type": "list",
                    "value": [
                        "eipalloc-ec7619dc",
                        "eipalloc-38771808",
                        "eipalloc-b3761983"
                    ]
                },
                "nat_eips_public_ips": {
                    "sensitive": false,
                    "type": "list",
                    "value": [
                        "34.227.5.142",
                        "52.201.118.13",
                        "52.44.246.20"
                    ]
                },
                "natgw_ids": {
                    "sensitive": false,
                    "type": "list",
                    "value": [
                        "nat-0a80340d2f6276f73",
                        "nat-0ea4f8a67d8bdb5f1",
                        "nat-0e470bab38de5e060"
                    ]
                },
                "private_route_table_ids": {
                    "sensitive": false,
                    "type": "list",
                    "value": [
                        "rtb-5d276325",
                        "rtb-2323675b",
                        "rtb-19266261"
                    ]
                },
                "private_subnets": {
                    "sensitive": false,
                    "type": "list",
                    "value": [
                        "subnet-f59a8f90",
                        "subnet-a5902f89",
                        "subnet-50473318"
                    ]
                },
                "public_route_table_ids": {
                    "sensitive": false,
                    "type": "list",
                    "value": [
                        "rtb-77195d0f"
                    ]
                },
                "public_subnets": {
                    "sensitive": false,
                    "type": "list",
                    "value": [
                        "subnet-d39e8bb6",
                        "subnet-8c8d32a0",
                        "subnet-ba4d39f2"
                    ]
                },
                "vpc_id": {
                    "sensitive": false,
                    "type": "string",
                    "value": "vpc-64b7081d"
                }
            },
            "resources": {
                "aws_eip.nateip.0": {
                    "type": "aws_eip",
                    "depends_on": [],
                    "primary": {
                        "id": "eipalloc-ec7619dc",
                        "attributes": {
                            "association_id": "",
                            "domain": "vpc",
                            "id": "eipalloc-ec7619dc",
                            "instance": "",
                            "network_interface": "",
                            "private_ip": "",
                            "public_ip": "34.227.5.142",
                            "vpc": "true"
                        },
                        "meta": {},
                        "tainted": false
                    },
                    "deposed": [],
                    "provider": ""
                },
                "aws_eip.nateip.1": {
                    "type": "aws_eip",
                    "depends_on": [],
                    "primary": {
                        "id": "eipalloc-38771808",
                        "attributes": {
                            "association_id": "",
                            "domain": "vpc",
                            "id": "eipalloc-38771808",
                            "instance": "",
                            "network_interface": "",
                            "private_ip": "",
                            "public_ip": "52.201.118.13",
                            "vpc": "true"
                        },
                        "meta": {},
                        "tainted": false
                    },
                    "deposed": [],
                    "provider": ""
                },
                "aws_eip.nateip.2": {
                    "type": "aws_eip",
                    "depends_on": [],
                    "primary": {
                        "id": "eipalloc-b3761983",
                        "attributes": {
                            "association_id": "",
                            "domain": "vpc",
                            "id": "eipalloc-b3761983",
                            "instance": "",
                            "network_interface": "",
                            "private_ip": "",
                            "public_ip": "52.44.246.20",
                            "vpc": "true"
                        },
                        "meta": {},
                        "tainted": false
                    },
                    "deposed": [],
                    "provider": ""
                },
                "aws_internet_gateway.mod": {
                    "type": "aws_internet_gateway",
                    "depends_on": [
                        "aws_vpc.mod"
                    ],
                    "primary": {
                        "id": "igw-df721cb9",
                        "attributes": {
                            "id": "igw-df721cb9",
                            "tags.%": "4",
                            "tags.Environment": "dev",
                            "tags.Name": "standup-dev-vpc-igw",
                            "tags.Project": "standup",
                            "tags.Terraform": "true",
                            "vpc_id": "vpc-64b7081d"
                        },
                        "meta": {},
                        "tainted": false
                    },
                    "deposed": [],
                    "provider": ""
                },
                "aws_nat_gateway.natgw.0": {
                    "type": "aws_nat_gateway",
                    "depends_on": [
                        "aws_eip.nateip.*",
                        "aws_internet_gateway.mod",
                        "aws_subnet.public.*"
                    ],
                    "primary": {
                        "id": "nat-0a80340d2f6276f73",
                        "attributes": {
                            "allocation_id": "eipalloc-ec7619dc",
                            "id": "nat-0a80340d2f6276f73",
                            "network_interface_id": "eni-aca25ebb",
                            "private_ip": "10.0.100.255",
                            "public_ip": "34.227.5.142",
                            "subnet_id": "subnet-d39e8bb6"
                        },
                        "meta": {},
                        "tainted": false
                    },
                    "deposed": [],
                    "provider": ""
                },
                "aws_nat_gateway.natgw.1": {
                    "type": "aws_nat_gateway",
                    "depends_on": [
                        "aws_eip.nateip.*",
                        "aws_internet_gateway.mod",
                        "aws_subnet.public.*"
                    ],
                    "primary": {
                        "id": "nat-0ea4f8a67d8bdb5f1",
                        "attributes": {
                            "allocation_id": "eipalloc-38771808",
                            "id": "nat-0ea4f8a67d8bdb5f1",
                            "network_interface_id": "eni-6e4ab3c2",
                            "private_ip": "10.0.118.105",
                            "public_ip": "52.201.118.13",
                            "subnet_id": "subnet-8c8d32a0"
                        },
                        "meta": {},
                        "tainted": false
                    },
                    "deposed": [],
                    "provider": ""
                },
                "aws_nat_gateway.natgw.2": {
                    "type": "aws_nat_gateway",
                    "depends_on": [
                        "aws_eip.nateip.*",
                        "aws_internet_gateway.mod",
                        "aws_subnet.public.*"
                    ],
                    "primary": {
                        "id": "nat-0e470bab38de5e060",
                        "attributes": {
                            "allocation_id": "eipalloc-b3761983",
                            "id": "nat-0e470bab38de5e060",
                            "network_interface_id": "eni-ccf37d1c",
                            "private_ip": "10.0.132.93",
                            "public_ip": "52.44.246.20",
                            "subnet_id": "subnet-ba4d39f2"
                        },
                        "meta": {},
                        "tainted": false
                    },
                    "deposed": [],
                    "provider": ""
                },
                "aws_route.private_nat_gateway.0": {
                    "type": "aws_route",
                    "depends_on": [
                        "aws_nat_gateway.natgw.*",
                        "aws_route_table.private.*"
                    ],
                    "primary": {
                        "id": "r-rtb-5d2763251080289494",
                        "attributes": {
                            "destination_cidr_block": "0.0.0.0/0",
                            "destination_prefix_list_id": "",
                            "egress_only_gateway_id": "",
                            "gateway_id": "",
                            "id": "r-rtb-5d2763251080289494",
                            "instance_id": "",
                            "instance_owner_id": "",
                            "nat_gateway_id": "nat-0a80340d2f6276f73",
                            "network_interface_id": "",
                            "origin": "CreateRoute",
                            "route_table_id": "rtb-5d276325",
                            "state": "active",
                            "vpc_peering_connection_id": ""
                        },
                        "meta": {},
                        "tainted": false
                    },
                    "deposed": [],
                    "provider": ""
                },
                "aws_route.private_nat_gateway.1": {
                    "type": "aws_route",
                    "depends_on": [
                        "aws_nat_gateway.natgw.*",
                        "aws_route_table.private.*"
                    ],
                    "primary": {
                        "id": "r-rtb-2323675b1080289494",
                        "attributes": {
                            "destination_cidr_block": "0.0.0.0/0",
                            "destination_prefix_list_id": "",
                            "egress_only_gateway_id": "",
                            "gateway_id": "",
                            "id": "r-rtb-2323675b1080289494",
                            "instance_id": "",
                            "instance_owner_id": "",
                            "nat_gateway_id": "nat-0ea4f8a67d8bdb5f1",
                            "network_interface_id": "",
                            "origin": "CreateRoute",
                            "route_table_id": "rtb-2323675b",
                            "state": "active",
                            "vpc_peering_connection_id": ""
                        },
                        "meta": {},
                        "tainted": false
                    },
                    "deposed": [],
                    "provider": ""
                },
                "aws_route.private_nat_gateway.2": {
                    "type": "aws_route",
                    "depends_on": [
                        "aws_nat_gateway.natgw.*",
                        "aws_route_table.private.*"
                    ],
                    "primary": {
                        "id": "r-rtb-192662611080289494",
                        "attributes": {
                            "destination_cidr_block": "0.0.0.0/0",
                            "destination_prefix_list_id": "",
                            "egress_only_gateway_id": "",
                            "gateway_id": "",
                            "id": "r-rtb-192662611080289494",
                            "instance_id": "",
                            "instance_owner_id": "",
                            "nat_gateway_id": "nat-0e470bab38de5e060",
                            "network_interface_id": "",
                            "origin": "CreateRoute",
                            "route_table_id": "rtb-19266261",
                            "state": "active",
                            "vpc_peering_connection_id": ""
                        },
                        "meta": {},
                        "tainted": false
                    },
                    "deposed": [],
                    "provider": ""
                },
                "aws_route.public_internet_gateway": {
                    "type": "aws_route",
                    "depends_on": [
                        "aws_internet_gateway.mod",
                        "aws_route_table.public"
                    ],
                    "primary": {
                        "id": "r-rtb-77195d0f1080289494",
                        "attributes": {
                            "destination_cidr_block": "0.0.0.0/0",
                            "destination_prefix_list_id": "",
                            "egress_only_gateway_id": "",
                            "gateway_id": "igw-df721cb9",
                            "id": "r-rtb-77195d0f1080289494",
                            "instance_id": "",
                            "instance_owner_id": "",
                            "nat_gateway_id": "",
                            "network_interface_id": "",
                            "origin": "CreateRoute",
                            "route_table_id": "rtb-77195d0f",
                            "state": "active",
                            "vpc_peering_connection_id": ""
                        },
                        "meta": {},
                        "tainted": false
                    },
                    "deposed": [],
                    "provider": ""
                },
                "aws_route_table.private.0": {
                    "type": "aws_route_table",
                    "depends_on": [
                        "aws_vpc.mod"
                    ],
                    "primary": {
                        "id": "rtb-5d276325",
                        "attributes": {
                            "id": "rtb-5d276325",
                            "propagating_vgws.#": "0",
                            "route.#": "0",
                            "tags.%": "4",
                            "tags.Environment": "dev",
                            "tags.Name": "standup-dev-vpc-rt-private-us-east-1a",
                            "tags.Project": "standup",
                            "tags.Terraform": "true",
                            "vpc_id": "vpc-64b7081d"
                        },
                        "meta": {},
                        "tainted": false
                    },
                    "deposed": [],
                    "provider": ""
                },
                "aws_route_table.private.1": {
                    "type": "aws_route_table",
                    "depends_on": [
                        "aws_vpc.mod"
                    ],
                    "primary": {
                        "id": "rtb-2323675b",
                        "attributes": {
                            "id": "rtb-2323675b",
                            "propagating_vgws.#": "0",
                            "route.#": "0",
                            "tags.%": "4",
                            "tags.Environment": "dev",
                            "tags.Name": "standup-dev-vpc-rt-private-us-east-1b",
                            "tags.Project": "standup",
                            "tags.Terraform": "true",
                            "vpc_id": "vpc-64b7081d"
                        },
                        "meta": {},
                        "tainted": false
                    },
                    "deposed": [],
                    "provider": ""
                },
                "aws_route_table.private.2": {
                    "type": "aws_route_table",
                    "depends_on": [
                        "aws_vpc.mod"
                    ],
                    "primary": {
                        "id": "rtb-19266261",
                        "attributes": {
                            "id": "rtb-19266261",
                            "propagating_vgws.#": "0",
                            "route.#": "0",
                            "tags.%": "4",
                            "tags.Environment": "dev",
                            "tags.Name": "standup-dev-vpc-rt-private-us-east-1c",
                            "tags.Project": "standup",
                            "tags.Terraform": "true",
                            "vpc_id": "vpc-64b7081d"
                        },
                        "meta": {},
                        "tainted": false
                    },
                    "deposed": [],
                    "provider": ""
                },
                "aws_route_table.public": {
                    "type": "aws_route_table",
                    "depends_on": [
                        "aws_vpc.mod"
                    ],
                    "primary": {
                        "id": "rtb-77195d0f",
                        "attributes": {
                            "id": "rtb-77195d0f",
                            "propagating_vgws.#": "0",
                            "route.#": "0",
                            "tags.%": "4",
                            "tags.Environment": "dev",
                            "tags.Name": "standup-dev-vpc-rt-public",
                            "tags.Project": "standup",
                            "tags.Terraform": "true",
                            "vpc_id": "vpc-64b7081d"
                        },
                        "meta": {},
                        "tainted": false
                    },
                    "deposed": [],
                    "provider": ""
                },
                "aws_route_table_association.private.0": {
                    "type": "aws_route_table_association",
                    "depends_on": [
                        "aws_route_table.private.*",
                        "aws_subnet.private.*"
                    ],
                    "primary": {
                        "id": "rtbassoc-90a18eeb",
                        "attributes": {
                            "id": "rtbassoc-90a18eeb",
                            "route_table_id": "rtb-5d276325",
                            "subnet_id": "subnet-f59a8f90"
                        },
                        "meta": {},
                        "tainted": false
                    },
                    "deposed": [],
                    "provider": ""
                },
                "aws_route_table_association.private.1": {
                    "type": "aws_route_table_association",
                    "depends_on": [
                        "aws_route_table.private.*",
                        "aws_subnet.private.*"
                    ],
                    "primary": {
                        "id": "rtbassoc-97a18eec",
                        "attributes": {
                            "id": "rtbassoc-97a18eec",
                            "route_table_id": "rtb-2323675b",
                            "subnet_id": "subnet-a5902f89"
                        },
                        "meta": {},
                        "tainted": false
                    },
                    "deposed": [],
                    "provider": ""
                },
                "aws_route_table_association.private.2": {
                    "type": "aws_route_table_association",
                    "depends_on": [
                        "aws_route_table.private.*",
                        "aws_subnet.private.*"
                    ],
                    "primary": {
                        "id": "rtbassoc-f7bc938c",
                        "attributes": {
                            "id": "rtbassoc-f7bc938c",
                            "route_table_id": "rtb-19266261",
                            "subnet_id": "subnet-50473318"
                        },
                        "meta": {},
                        "tainted": false
                    },
                    "deposed": [],
                    "provider": ""
                },
                "aws_route_table_association.public.0": {
                    "type": "aws_route_table_association",
                    "depends_on": [
                        "aws_route_table.public",
                        "aws_subnet.public.*"
                    ],
                    "primary": {
                        "id": "rtbassoc-76b8970d",
                        "attributes": {
                            "id": "rtbassoc-76b8970d",
                            "route_table_id": "rtb-77195d0f",
                            "subnet_id": "subnet-d39e8bb6"
                        },
                        "meta": {},
                        "tainted": false
                    },
                    "deposed": [],
                    "provider": ""
                },
                "aws_route_table_association.public.1": {
                    "type": "aws_route_table_association",
                    "depends_on": [
                        "aws_route_table.public",
                        "aws_subnet.public.*"
                    ],
                    "primary": {
                        "id": "rtbassoc-08bf9073",
                        "attributes": {
                            "id": "rtbassoc-08bf9073",
                            "route_table_id": "rtb-77195d0f",
                            "subnet_id": "subnet-8c8d32a0"
                        },
                        "meta": {},
                        "tainted": false
                    },
                    "deposed": [],
                    "provider": ""
                },
                "aws_route_table_association.public.2": {
                    "type": "aws_route_table_association",
                    "depends_on": [
                        "aws_route_table.public",
                        "aws_subnet.public.*"
                    ],
                    "primary": {
                        "id": "rtbassoc-5abc9321",
                        "attributes": {
                            "id": "rtbassoc-5abc9321",
                            "route_table_id": "rtb-77195d0f",
                            "subnet_id": "subnet-ba4d39f2"
                        },
                        "meta": {},
                        "tainted": false
                    },
                    "deposed": [],
                    "provider": ""
                },
                "aws_subnet.private.0": {
                    "type": "aws_subnet",
                    "depends_on": [
                        "aws_vpc.mod"
                    ],
                    "primary": {
                        "id": "subnet-f59a8f90",
                        "attributes": {
                            "assign_ipv6_address_on_creation": "false",
                            "availability_zone": "us-east-1a",
                            "cidr_block": "10.0.0.0/20",
                            "id": "subnet-f59a8f90",
                            "map_public_ip_on_launch": "false",
                            "tags.%": "4",
                            "tags.Environment": "dev",
                            "tags.Name": "standup-dev-vpc-subnet-private-us-east-1a",
                            "tags.Project": "standup",
                            "tags.Terraform": "true",
                            "vpc_id": "vpc-64b7081d"
                        },
                        "meta": {
                            "schema_version": "1"
                        },
                        "tainted": false
                    },
                    "deposed": [],
                    "provider": ""
                },
                "aws_subnet.private.1": {
                    "type": "aws_subnet",
                    "depends_on": [
                        "aws_vpc.mod"
                    ],
                    "primary": {
                        "id": "subnet-a5902f89",
                        "attributes": {
                            "assign_ipv6_address_on_creation": "false",
                            "availability_zone": "us-east-1b",
                            "cidr_block": "10.0.16.0/20",
                            "id": "subnet-a5902f89",
                            "map_public_ip_on_launch": "false",
                            "tags.%": "4",
                            "tags.Environment": "dev",
                            "tags.Name": "standup-dev-vpc-subnet-private-us-east-1b",
                            "tags.Project": "standup",
                            "tags.Terraform": "true",
                            "vpc_id": "vpc-64b7081d"
                        },
                        "meta": {
                            "schema_version": "1"
                        },
                        "tainted": false
                    },
                    "deposed": [],
                    "provider": ""
                },
                "aws_subnet.private.2": {
                    "type": "aws_subnet",
                    "depends_on": [
                        "aws_vpc.mod"
                    ],
                    "primary": {
                        "id": "subnet-50473318",
                        "attributes": {
                            "assign_ipv6_address_on_creation": "false",
                            "availability_zone": "us-east-1c",
                            "cidr_block": "10.0.32.0/20",
                            "id": "subnet-50473318",
                            "map_public_ip_on_launch": "false",
                            "tags.%": "4",
                            "tags.Environment": "dev",
                            "tags.Name": "standup-dev-vpc-subnet-private-us-east-1c",
                            "tags.Project": "standup",
                            "tags.Terraform": "true",
                            "vpc_id": "vpc-64b7081d"
                        },
                        "meta": {
                            "schema_version": "1"
                        },
                        "tainted": false
                    },
                    "deposed": [],
                    "provider": ""
                },
                "aws_subnet.public.0": {
                    "type": "aws_subnet",
                    "depends_on": [
                        "aws_vpc.mod"
                    ],
                    "primary": {
                        "id": "subnet-d39e8bb6",
                        "attributes": {
                            "assign_ipv6_address_on_creation": "false",
                            "availability_zone": "us-east-1a",
                            "cidr_block": "10.0.96.0/20",
                            "id": "subnet-d39e8bb6",
                            "map_public_ip_on_launch": "true",
                            "tags.%": "4",
                            "tags.Environment": "dev",
                            "tags.Name": "standup-dev-vpc-subnet-public-us-east-1a",
                            "tags.Project": "standup",
                            "tags.Terraform": "true",
                            "vpc_id": "vpc-64b7081d"
                        },
                        "meta": {
                            "schema_version": "1"
                        },
                        "tainted": false
                    },
                    "deposed": [],
                    "provider": ""
                },
                "aws_subnet.public.1": {
                    "type": "aws_subnet",
                    "depends_on": [
                        "aws_vpc.mod"
                    ],
                    "primary": {
                        "id": "subnet-8c8d32a0",
                        "attributes": {
                            "assign_ipv6_address_on_creation": "false",
                            "availability_zone": "us-east-1b",
                            "cidr_block": "10.0.112.0/20",
                            "id": "subnet-8c8d32a0",
                            "map_public_ip_on_launch": "true",
                            "tags.%": "4",
                            "tags.Environment": "dev",
                            "tags.Name": "standup-dev-vpc-subnet-public-us-east-1b",
                            "tags.Project": "standup",
                            "tags.Terraform": "true",
                            "vpc_id": "vpc-64b7081d"
                        },
                        "meta": {
                            "schema_version": "1"
                        },
                        "tainted": false
                    },
                    "deposed": [],
                    "provider": ""
                },
                "aws_subnet.public.2": {
                    "type": "aws_subnet",
                    "depends_on": [
                        "aws_vpc.mod"
                    ],
                    "primary": {
                        "id": "subnet-ba4d39f2",
                        "attributes": {
                            "assign_ipv6_address_on_creation": "false",
                            "availability_zone": "us-east-1c",
                            "cidr_block": "10.0.128.0/20",
                            "id": "subnet-ba4d39f2",
                            "map_public_ip_on_launch": "true",
                            "tags.%": "4",
                            "tags.Environment": "dev",
                            "tags.Name": "standup-dev-vpc-subnet-public-us-east-1c",
                            "tags.Project": "standup",
                            "tags.Terraform": "true",
                            "vpc_id": "vpc-64b7081d"
                        },
                        "meta": {
                            "schema_version": "1"
                        },
                        "tainted": false
                    },
                    "deposed": [],
                    "provider": ""
                },
                "aws_vpc.mod": {
                    "type": "aws_vpc",
                    "depends_on": [],
                    "primary": {
                        "id": "vpc-64b7081d",
                        "attributes": {
                            "assign_generated_ipv6_cidr_block": "false",
                            "cidr_block": "10.0.0.0/16",
                            "default_network_acl_id": "acl-9f1431e6",
                            "default_route_table_id": "rtb-a82662d0",
                            "default_security_group_id": "sg-d015b7a1",
                            "dhcp_options_id": "dopt-dca350b8",
                            "enable_classiclink": "false",
                            "enable_dns_hostnames": "true",
                            "enable_dns_support": "true",
                            "id": "vpc-64b7081d",
                            "instance_tenancy": "default",
                            "main_route_table_id": "rtb-a82662d0",
                            "tags.%": "4",
                            "tags.Environment": "dev",
                            "tags.Name": "standup-dev-vpc",
                            "tags.Project": "standup",
                            "tags.Terraform": "true"
                        },
                        "meta": {
                            "schema_version": "1"
                        },
                        "tainted": false
                    },
                    "deposed": [],
                    "provider": ""
                }
            },
            "depends_on": []
        }
    ]
}
